
Microsoft Visual Studio Solution File, Format Version 12.00
# Visual Studio 15
VisualStudioVersion = 15.0.26730.16
MinimumVisualStudioVersion = 10.0.40219.1
Project("{FAE04EC0-301F-11D3-BF4B-00C04F79EFBC}") = "DependencyInjectionNinject", "DependencyInjectionNinject\DependencyInjectionNinject.csproj", "{54AEA9FE-B4AE-4FE1-B520-20EF60170EAB}"
EndProject
Global
	GlobalSection(SolutionConfigurationPlatforms) = preSolution
		Debug|Any CPU = Debug|Any CPU
		Release|Any CPU = Release|Any CPU
	EndGlobalSection
	GlobalSection(ProjectConfigurationPlatforms) = postSolution
		{54AEA9FE-B4AE-4FE1-B520-20EF60170EAB}.Debug|Any CPU.ActiveCfg = Debug|Any CPU
		{54AEA9FE-B4AE-4FE1-B520-20EF60170EAB}.Debug|Any CPU.Build.0 = Debug|Any CPU
		{54AEA9FE-B4AE-4FE1-B520-20EF60170EAB}.Release|Any CPU.ActiveCfg = Release|Any CPU
		{54AEA9FE-B4AE-4FE1-B520-20EF60170EAB}.Release|Any CPU.Build.0 = Release|Any CPU
	EndGlobalSection
	GlobalSection(SolutionProperties) = preSolution
		HideSolutionNode = FALSE
	EndGlobalSection
	GlobalSection(ExtensibilityGlobals) = postSolution
		SolutionGuid = {318FBEB2-0A68-4D3E-90D3-C7A9726127E3}
	EndGlobalSection
EndGlobal
